
Microsoft Visual Studio Solution File, Format Version 12.00
# Visual Studio Version 16
VisualStudioVersion = 16.0.29201.188
MinimumVisualStudioVersion = 10.0.40219.1
Project("{FAE04EC0-301F-11D3-BF4B-00C04F79EFBC}") = "ClimaTempo", "ClimaTempo\ClimaTempo\ClimaTempo.csproj", "{22691709-F459-4AC2-9817-F3BE0E36BC2C}"
EndProject
Project("{FAE04EC0-301F-11D3-BF4B-00C04F79EFBC}") = "ClimaTempo.Android", "ClimaTempo\ClimaTempo.Android\ClimaTempo.Android.csproj", "{DA2FBF2E-7A19-4D74-BC3D-5B53C4DDFD8E}"
EndProject
Project("{FAE04EC0-301F-11D3-BF4B-00C04F79EFBC}") = "ClimaTempo.iOS", "ClimaTempo\ClimaTempo.iOS\ClimaTempo.iOS.csproj", "{1B5701CB-2C9D-4D41-AE34-34D6A8159FC1}"
EndProject
Global
	GlobalSection(SolutionConfigurationPlatforms) = preSolution
		Ad-Hoc|Any CPU = Ad-Hoc|Any CPU
		Ad-Hoc|iPhone = Ad-Hoc|iPhone
		Ad-Hoc|iPhoneSimulator = Ad-Hoc|iPhoneSimulator
		AppStore|Any CPU = AppStore|Any CPU
		AppStore|iPhone = AppStore|iPhone
		AppStore|iPhoneSimulator = AppStore|iPhoneSimulator
		Debug|Any CPU = Debug|Any CPU
		Debug|iPhone = Debug|iPhone
		Debug|iPhoneSimulator = Debug|iPhoneSimulator
		Release|Any CPU = Release|Any CPU
		Release|iPhone = Release|iPhone
		Release|iPhoneSimulator = Release|iPhoneSimulator
	EndGlobalSection
	GlobalSection(ProjectConfigurationPlatforms) = postSolution
		{22691709-F459-4AC2-9817-F3BE0E36BC2C}.Ad-Hoc|Any CPU.ActiveCfg = Debug|Any CPU
		{22691709-F459-4AC2-9817-F3BE0E36BC2C}.Ad-Hoc|Any CPU.Build.0 = Debug|Any CPU
		{22691709-F459-4AC2-9817-F3BE0E36BC2C}.Ad-Hoc|iPhone.ActiveCfg = Debug|Any CPU
		{22691709-F459-4AC2-9817-F3BE0E36BC2C}.Ad-Hoc|iPhone.Build.0 = Debug|Any CPU
		{22691709-F459-4AC2-9817-F3BE0E36BC2C}.Ad-Hoc|iPhoneSimulator.ActiveCfg = Debug|Any CPU
		{22691709-F459-4AC2-9817-F3BE0E36BC2C}.Ad-Hoc|iPhoneSimulator.Build.0 = Debug|Any CPU
		{22691709-F459-4AC2-9817-F3BE0E36BC2C}.AppStore|Any CPU.ActiveCfg = Debug|Any CPU
		{22691709-F459-4AC2-9817-F3BE0E36BC2C}.AppStore|Any CPU.Build.0 = Debug|Any CPU
		{22691709-F459-4AC2-9817-F3BE0E36BC2C}.AppStore|iPhone.ActiveCfg = Debug|Any CPU
		{22691709-F459-4AC2-9817-F3BE0E36BC2C}.AppStore|iPhone.Build.0 = Debug|Any CPU
		{22691709-F459-4AC2-9817-F3BE0E36BC2C}.AppStore|iPhoneSimulator.ActiveCfg = Debug|Any CPU
		{22691709-F459-4AC2-9817-F3BE0E36BC2C}.AppStore|iPhoneSimulator.Build.0 = Debug|Any CPU
		{22691709-F459-4AC2-9817-F3BE0E36BC2C}.Debug|Any CPU.ActiveCfg = Debug|Any CPU
		{22691709-F459-4AC2-9817-F3BE0E36BC2C}.Debug|Any CPU.Build.0 = Debug|Any CPU
		{22691709-F459-4AC2-9817-F3BE0E36BC2C}.Debug|iPhone.ActiveCfg = Debug|Any CPU
		{22691709-F459-4AC2-9817-F3BE0E36BC2C}.Debug|iPhone.Build.0 = Debug|Any CPU
		{22691709-F459-4AC2-9817-F3BE0E36BC2C}.Debug|iPhoneSimulator.ActiveCfg = Debug|Any CPU
		{22691709-F459-4AC2-9817-F3BE0E36BC2C}.Debug|iPhoneSimulator.Build.0 = Debug|Any CPU
		{22691709-F459-4AC2-9817-F3BE0E36BC2C}.Release|Any CPU.ActiveCfg = Release|Any CPU
		{22691709-F459-4AC2-9817-F3BE0E36BC2C}.Release|Any CPU.Build.0 = Release|Any CPU
		{22691709-F459-4AC2-9817-F3BE0E36BC2C}.Release|iPhone.ActiveCfg = Release|Any CPU
		{22691709-F459-4AC2-9817-F3BE0E36BC2C}.Release|iPhone.Build.0 = Release|Any CPU
		{22691709-F459-4AC2-9817-F3BE0E36BC2C}.Release|iPhoneSimulator.ActiveCfg = Release|Any CPU
		{22691709-F459-4AC2-9817-F3BE0E36BC2C}.Release|iPhoneSimulator.Build.0 = Release|Any CPU
		{DA2FBF2E-7A19-4D74-BC3D-5B53C4DDFD8E}.Ad-Hoc|Any CPU.ActiveCfg = Release|Any CPU
		{DA2FBF2E-7A19-4D74-BC3D-5B53C4DDFD8E}.Ad-Hoc|Any CPU.Build.0 = Release|Any CPU
		{DA2FBF2E-7A19-4D74-BC3D-5B53C4DDFD8E}.Ad-Hoc|Any CPU.Deploy.0 = Release|Any CPU
		{DA2FBF2E-7A19-4D74-BC3D-5B53C4DDFD8E}.Ad-Hoc|iPhone.ActiveCfg = Release|Any CPU
		{DA2FBF2E-7A19-4D74-BC3D-5B53C4DDFD8E}.Ad-Hoc|iPhone.Build.0 = Release|Any CPU
		{DA2FBF2E-7A19-4D74-BC3D-5B53C4DDFD8E}.Ad-Hoc|iPhone.Deploy.0 = Release|Any CPU
		{DA2FBF2E-7A19-4D74-BC3D-5B53C4DDFD8E}.Ad-Hoc|iPhoneSimulator.ActiveCfg = Release|Any CPU
		{DA2FBF2E-7A19-4D74-BC3D-5B53C4DDFD8E}.Ad-Hoc|iPhoneSimulator.Build.0 = Release|Any CPU
		{DA2FBF2E-7A19-4D74-BC3D-5B53C4DDFD8E}.Ad-Hoc|iPhoneSimulator.Deploy.0 = Release|Any CPU
		{DA2FBF2E-7A19-4D74-BC3D-5B53C4DDFD8E}.AppStore|Any CPU.ActiveCfg = Release|Any CPU
		{DA2FBF2E-7A19-4D74-BC3D-5B53C4DDFD8E}.AppStore|Any CPU.Build.0 = Release|Any CPU
		{DA2FBF2E-7A19-4D74-BC3D-5B53C4DDFD8E}.AppStore|Any CPU.Deploy.0 = Release|Any CPU
		{DA2FBF2E-7A19-4D74-BC3D-5B53C4DDFD8E}.AppStore|iPhone.ActiveCfg = Release|Any CPU
		{DA2FBF2E-7A19-4D74-BC3D-5B53C4DDFD8E}.AppStore|iPhone.Build.0 = Release|Any CPU
		{DA2FBF2E-7A19-4D74-BC3D-5B53C4DDFD8E}.AppStore|iPhone.Deploy.0 = Release|Any CPU
		{DA2FBF2E-7A19-4D74-BC3D-5B53C4DDFD8E}.AppStore|iPhoneSimulator.ActiveCfg = Release|Any CPU
		{DA2FBF2E-7A19-4D74-BC3D-5B53C4DDFD8E}.AppStore|iPhoneSimulator.Build.0 = Release|Any CPU
		{DA2FBF2E-7A19-4D74-BC3D-5B53C4DDFD8E}.AppStore|iPhoneSimulator.Deploy.0 = Release|Any CPU
		{DA2FBF2E-7A19-4D74-BC3D-5B53C4DDFD8E}.Debug|Any CPU.ActiveCfg = Debug|Any CPU
		{DA2FBF2E-7A19-4D74-BC3D-5B53C4DDFD8E}.Debug|Any CPU.Build.0 = Debug|Any CPU
		{DA2FBF2E-7A19-4D74-BC3D-5B53C4DDFD8E}.Debug|Any CPU.Deploy.0 = Debug|Any CPU
		{DA2FBF2E-7A19-4D74-BC3D-5B53C4DDFD8E}.Debug|iPhone.ActiveCfg = Debug|Any CPU
		{DA2FBF2E-7A19-4D74-BC3D-5B53C4DDFD8E}.Debug|iPhone.Build.0 = Debug|Any CPU
		{DA2FBF2E-7A19-4D74-BC3D-5B53C4DDFD8E}.Debug|iPhone.Deploy.0 = Debug|Any CPU
		{DA2FBF2E-7A19-4D74-BC3D-5B53C4DDFD8E}.Debug|iPhoneSimulator.ActiveCfg = Debug|Any CPU
		{DA2FBF2E-7A19-4D74-BC3D-5B53C4DDFD8E}.Debug|iPhoneSimulator.Build.0 = Debug|Any CPU
		{DA2FBF2E-7A19-4D74-BC3D-5B53C4DDFD8E}.Debug|iPhoneSimulator.Deploy.0 = Debug|Any CPU
		{DA2FBF2E-7A19-4D74-BC3D-5B53C4DDFD8E}.Release|Any CPU.ActiveCfg = Release|Any CPU
		{DA2FBF2E-7A19-4D74-BC3D-5B53C4DDFD8E}.Release|Any CPU.Build.0 = Release|Any CPU
		{DA2FBF2E-7A19-4D74-BC3D-5B53C4DDFD8E}.Release|Any CPU.Deploy.0 = Release|Any CPU
		{DA2FBF2E-7A19-4D74-BC3D-5B53C4DDFD8E}.Release|iPhone.ActiveCfg = Release|Any CPU
		{DA2FBF2E-7A19-4D74-BC3D-5B53C4DDFD8E}.Release|iPhone.Build.0 = Release|Any CPU
		{DA2FBF2E-7A19-4D74-BC3D-5B53C4DDFD8E}.Release|iPhone.Deploy.0 = Release|Any CPU
		{DA2FBF2E-7A19-4D74-BC3D-5B53C4DDFD8E}.Release|iPhoneSimulator.ActiveCfg = Release|Any CPU
		{DA2FBF2E-7A19-4D74-BC3D-5B53C4DDFD8E}.Release|iPhoneSimulator.Build.0 = Release|Any CPU
		{DA2FBF2E-7A19-4D74-BC3D-5B53C4DDFD8E}.Release|iPhoneSimulator.Deploy.0 = Release|Any CPU
		{1B5701CB-2C9D-4D41-AE34-34D6A8159FC1}.Ad-Hoc|Any CPU.ActiveCfg = Ad-Hoc|iPhone
		{1B5701CB-2C9D-4D41-AE34-34D6A8159FC1}.Ad-Hoc|iPhone.ActiveCfg = Ad-Hoc|iPhone
		{1B5701CB-2C9D-4D41-AE34-34D6A8159FC1}.Ad-Hoc|iPhone.Build.0 = Ad-Hoc|iPhone
		{1B5701CB-2C9D-4D41-AE34-34D6A8159FC1}.Ad-Hoc|iPhoneSimulator.ActiveCfg = Ad-Hoc|iPhoneSimulator
		{1B5701CB-2C9D-4D41-AE34-34D6A8159FC1}.Ad-Hoc|iPhoneSimulator.Build.0 = Ad-Hoc|iPhoneSimulator
		{1B5701CB-2C9D-4D41-AE34-34D6A8159FC1}.AppStore|Any CPU.ActiveCfg = AppStore|iPhone
		{1B5701CB-2C9D-4D41-AE34-34D6A8159FC1}.AppStore|iPhone.ActiveCfg = AppStore|iPhone
		{1B5701CB-2C9D-4D41-AE34-34D6A8159FC1}.AppStore|iPhone.Build.0 = AppStore|iPhone
		{1B5701CB-2C9D-4D41-AE34-34D6A8159FC1}.AppStore|iPhoneSimulator.ActiveCfg = AppStore|iPhoneSimulator
		{1B5701CB-2C9D-4D41-AE34-34D6A8159FC1}.AppStore|iPhoneSimulator.Build.0 = AppStore|iPhoneSimulator
		{1B5701CB-2C9D-4D41-AE34-34D6A8159FC1}.Debug|Any CPU.ActiveCfg = Debug|iPhone
		{1B5701CB-2C9D-4D41-AE34-34D6A8159FC1}.Debug|iPhone.ActiveCfg = Debug|iPhone
		{1B5701CB-2C9D-4D41-AE34-34D6A8159FC1}.Debug|iPhone.Build.0 = Debug|iPhone
		{1B5701CB-2C9D-4D41-AE34-34D6A8159FC1}.Debug|iPhoneSimulator.ActiveCfg = Debug|iPhoneSimulator
		{1B5701CB-2C9D-4D41-AE34-34D6A8159FC1}.Debug|iPhoneSimulator.Build.0 = Debug|iPhoneSimulator
		{1B5701CB-2C9D-4D41-AE34-34D6A8159FC1}.Release|Any CPU.ActiveCfg = Release|iPhone
		{1B5701CB-2C9D-4D41-AE34-34D6A8159FC1}.Release|iPhone.ActiveCfg = Release|iPhone
		{1B5701CB-2C9D-4D41-AE34-34D6A8159FC1}.Release|iPhone.Build.0 = Release|iPhone
		{1B5701CB-2C9D-4D41-AE34-34D6A8159FC1}.Release|iPhoneSimulator.ActiveCfg = Release|iPhoneSimulator
		{1B5701CB-2C9D-4D41-AE34-34D6A8159FC1}.Release|iPhoneSimulator.Build.0 = Release|iPhoneSimulator
	EndGlobalSection
	GlobalSection(SolutionProperties) = preSolution
		HideSolutionNode = FALSE
	EndGlobalSection
	GlobalSection(ExtensibilityGlobals) = postSolution
		SolutionGuid = {5D5D3C02-38D4-4932-A83E-98025BCAB734}
	EndGlobalSection
EndGlobal
